
Microsoft Visual Studio Solution File, Format Version 12.00
# Visual Studio Version 17
VisualStudioVersion = 17.5.002.0
MinimumVisualStudioVersion = 10.0.40219.1
Project("{9A19103F-16F7-4668-BE54-9A1E7A4F7556}") = "QuoteOfTheDay", "QuoteOfTheDay\QuoteOfTheDay.csproj", "{37241C66-DC82-42D1-B206-C87F9A2E70CA}"
EndProject
Global
	GlobalSection(SolutionConfigurationPlatforms) = preSolution
		Debug|Any CPU = Debug|Any CPU
		Release|Any CPU = Release|Any CPU
	EndGlobalSection
	GlobalSection(ProjectConfigurationPlatforms) = postSolution
		{37241C66-DC82-42D1-B206-C87F9A2E70CA}.Debug|Any CPU.ActiveCfg = Debug|Any CPU
		{37241C66-DC82-42D1-B206-C87F9A2E70CA}.Debug|Any CPU.Build.0 = Debug|Any CPU
		{37241C66-DC82-42D1-B206-C87F9A2E70CA}.Release|Any CPU.ActiveCfg = Release|Any CPU
		{37241C66-DC82-42D1-B206-C87F9A2E70CA}.Release|Any CPU.Build.0 = Release|Any CPU
	EndGlobalSection
	GlobalSection(SolutionProperties) = preSolution
		HideSolutionNode = FALSE
	EndGlobalSection
	GlobalSection(ExtensibilityGlobals) = postSolution
		SolutionGuid = {05DD0639-A747-4D2B-8EB3-300C2DD94C1A}
	EndGlobalSection
EndGlobal
